// !$*UTF8*$!
{
	archiveVersion = 1;
	classes = {
	};
	objectVersion = 51;
	objects = {

/* Begin PBXBuildFile section */
		1333FDB5BDDFE74B6A56E2EB /* Pods_RealTimeChat_FirebaseTests.framework in Frameworks */ = {isa = PBXBuildFile; fileRef = 02844489C2CE3781964BC970 /* Pods_RealTimeChat_FirebaseTests.framework */; };
		1A40F607C71A8557B1E1218C /* Pods_RealTimeChat_Firebase.framework in Frameworks */ = {isa = PBXBuildFile; fileRef = 86D112DA9C89A82FECACD08B /* Pods_RealTimeChat_Firebase.framework */; };
		96668F3B25E5A354009280A5 /* RealTimeChat_FirebaseApp.swift in Sources */ = {isa = PBXBuildFile; fileRef = 96668F3A25E5A354009280A5 /* RealTimeChat_FirebaseApp.swift */; };
		96668F3D25E5A354009280A5 /* ContentView.swift in Sources */ = {isa = PBXBuildFile; fileRef = 96668F3C25E5A354009280A5 /* ContentView.swift */; };
		96668F3F25E5A354009280A5 /* Assets.xcassets in Resources */ = {isa = PBXBuildFile; fileRef = 96668F3E25E5A354009280A5 /* Assets.xcassets */; };
		96668F4225E5A354009280A5 /* Preview Assets.xcassets in Resources */ = {isa = PBXBuildFile; fileRef = 96668F4125E5A354009280A5 /* Preview Assets.xcassets */; };
		96668F4D25E5A354009280A5 /* RealTimeChat_FirebaseTests.swift in Sources */ = {isa = PBXBuildFile; fileRef = 96668F4C25E5A354009280A5 /* RealTimeChat_FirebaseTests.swift */; };
		96668F5825E5A354009280A5 /* RealTimeChat_FirebaseUITests.swift in Sources */ = {isa = PBXBuildFile; fileRef = 96668F5725E5A354009280A5 /* RealTimeChat_FirebaseUITests.swift */; };
		96668F6925E5A4B3009280A5 /* GoogleService-Info.plist in Resources */ = {isa = PBXBuildFile; fileRef = 96668F6825E5A4B3009280A5 /* GoogleService-Info.plist */; };
		96668F6A25E5A4B3009280A5 /* GoogleService-Info.plist in Resources */ = {isa = PBXBuildFile; fileRef = 96668F6825E5A4B3009280A5 /* GoogleService-Info.plist */; };
		96668F6B25E5A4B3009280A5 /* GoogleService-Info.plist in Resources */ = {isa = PBXBuildFile; fileRef = 96668F6825E5A4B3009280A5 /* GoogleService-Info.plist */; };
		96ABBACF25E5A73C00B888C2 /* SessionStore.swift in Sources */ = {isa = PBXBuildFile; fileRef = 96ABBACE25E5A73C00B888C2 /* SessionStore.swift */; };
		F3B4353AE5920FDE63C8A214 /* Pods_RealTimeChat_Firebase_RealTimeChat_FirebaseUITests.framework in Frameworks */ = {isa = PBXBuildFile; fileRef = 6C0C13711E7D1F6AB7860D23 /* Pods_RealTimeChat_Firebase_RealTimeChat_FirebaseUITests.framework */; };
/* End PBXBuildFile section */

/* Begin PBXContainerItemProxy section */
		96668F4925E5A354009280A5 /* PBXContainerItemProxy */ = {
			isa = PBXContainerItemProxy;
			containerPortal = 96668F2F25E5A354009280A5 /* Project object */;
			proxyType = 1;
			remoteGlobalIDString = 96668F3625E5A354009280A5;
			remoteInfo = "RealTimeChat-Firebase";
		};
		96668F5425E5A354009280A5 /* PBXContainerItemProxy */ = {
			isa = PBXContainerItemProxy;
			containerPortal = 96668F2F25E5A354009280A5 /* Project object */;
			proxyType = 1;
			remoteGlobalIDString = 96668F3625E5A354009280A5;
			remoteInfo = "RealTimeChat-Firebase";
		};
/* End PBXContainerItemProxy section */

/* Begin PBXFileReference section */
		02844489C2CE3781964BC970 /* Pods_RealTimeChat_FirebaseTests.framework */ = {isa = PBXFileReference; explicitFileType = wrapper.framework; includeInIndex = 0; path = Pods_RealTimeChat_FirebaseTests.framework; sourceTree = BUILT_PRODUCTS_DIR; };
		0EA704ED7DAB37860F5AAB77 /* Pods-RealTimeChat-FirebaseTests.debug.xcconfig */ = {isa = PBXFileReference; includeInIndex = 1; lastKnownFileType = text.xcconfig; name = "Pods-RealTimeChat-FirebaseTests.debug.xcconfig"; path = "Target Support Files/Pods-RealTimeChat-FirebaseTests/Pods-RealTimeChat-FirebaseTests.debug.xcconfig"; sourceTree = "<group>"; };
		194952D648474816C7601C87 /* Pods-RealTimeChat-Firebase-RealTimeChat-FirebaseUITests.release.xcconfig */ = {isa = PBXFileReference; includeInIndex = 1; lastKnownFileType = text.xcconfig; name = "Pods-RealTimeChat-Firebase-RealTimeChat-FirebaseUITests.release.xcconfig"; path = "Target Support Files/Pods-RealTimeChat-Firebase-RealTimeChat-FirebaseUITests/Pods-RealTimeChat-Firebase-RealTimeChat-FirebaseUITests.release.xcconfig"; sourceTree = "<group>"; };
		1F18E41BB3413E21D8DF7397 /* Pods-RealTimeChat-Firebase-RealTimeChat-FirebaseUITests.debug.xcconfig */ = {isa = PBXFileReference; includeInIndex = 1; lastKnownFileType = text.xcconfig; name = "Pods-RealTimeChat-Firebase-RealTimeChat-FirebaseUITests.debug.xcconfig"; path = "Target Support Files/Pods-RealTimeChat-Firebase-RealTimeChat-FirebaseUITests/Pods-RealTimeChat-Firebase-RealTimeChat-FirebaseUITests.debug.xcconfig"; sourceTree = "<group>"; };
		6C0C13711E7D1F6AB7860D23 /* Pods_RealTimeChat_Firebase_RealTimeChat_FirebaseUITests.framework */ = {isa = PBXFileReference; explicitFileType = wrapper.framework; includeInIndex = 0; path = Pods_RealTimeChat_Firebase_RealTimeChat_FirebaseUITests.framework; sourceTree = BUILT_PRODUCTS_DIR; };
		86D112DA9C89A82FECACD08B /* Pods_RealTimeChat_Firebase.framework */ = {isa = PBXFileReference; explicitFileType = wrapper.framework; includeInIndex = 0; path = Pods_RealTimeChat_Firebase.framework; sourceTree = BUILT_PRODUCTS_DIR; };
		90AC3DEA01684E41A3CA82CE /* Pods-RealTimeChat-FirebaseTests.release.xcconfig */ = {isa = PBXFileReference; includeInIndex = 1; lastKnownFileType = text.xcconfig; name = "Pods-RealTimeChat-FirebaseTests.release.xcconfig"; path = "Target Support Files/Pods-RealTimeChat-FirebaseTests/Pods-RealTimeChat-FirebaseTests.release.xcconfig"; sourceTree = "<group>"; };
		93A302B31EB9204925FBD169 /* Pods-RealTimeChat-Firebase.debug.xcconfig */ = {isa = PBXFileReference; includeInIndex = 1; lastKnownFileType = text.xcconfig; name = "Pods-RealTimeChat-Firebase.debug.xcconfig"; path = "Target Support Files/Pods-RealTimeChat-Firebase/Pods-RealTimeChat-Firebase.debug.xcconfig"; sourceTree = "<group>"; };
		96668F3725E5A354009280A5 /* RealTimeChat-Firebase.app */ = {isa = PBXFileReference; explicitFileType = wrapper.application; includeInIndex = 0; path = "RealTimeChat-Firebase.app"; sourceTree = BUILT_PRODUCTS_DIR; };
		96668F3A25E5A354009280A5 /* RealTimeChat_FirebaseApp.swift */ = {isa = PBXFileReference; lastKnownFileType = sourcecode.swift; path = RealTimeChat_FirebaseApp.swift; sourceTree = "<group>"; };
		96668F3C25E5A354009280A5 /* ContentView.swift */ = {isa = PBXFileReference; lastKnownFileType = sourcecode.swift; path = ContentView.swift; sourceTree = "<group>"; };
		96668F3E25E5A354009280A5 /* Assets.xcassets */ = {isa = PBXFileReference; lastKnownFileType = folder.assetcatalog; path = Assets.xcassets; sourceTree = "<group>"; };
		96668F4125E5A354009280A5 /* Preview Assets.xcassets */ = {isa = PBXFileReference; lastKnownFileType = folder.assetcatalog; path = "Preview Assets.xcassets"; sourceTree = "<group>"; };
		96668F4325E5A354009280A5 /* Info.plist */ = {isa = PBXFileReference; lastKnownFileType = text.plist.xml; path = Info.plist; sourceTree = "<group>"; };
		96668F4825E5A354009280A5 /* RealTimeChat-FirebaseTests.xctest */ = {isa = PBXFileReference; explicitFileType = wrapper.cfbundle; includeInIndex = 0; path = "RealTimeChat-FirebaseTests.xctest"; sourceTree = BUILT_PRODUCTS_DIR; };
		96668F4C25E5A354009280A5 /* RealTimeChat_FirebaseTests.swift */ = {isa = PBXFileReference; lastKnownFileType = sourcecode.swift; path = RealTimeChat_FirebaseTests.swift; sourceTree = "<group>"; };
		96668F4E25E5A354009280A5 /* Info.plist */ = {isa = PBXFileReference; lastKnownFileType = text.plist.xml; path = Info.plist; sourceTree = "<group>"; };
		96668F5325E5A354009280A5 /* RealTimeChat-FirebaseUITests.xctest */ = {isa = PBXFileReference; explicitFileType = wrapper.cfbundle; includeInIndex = 0; path = "RealTimeChat-FirebaseUITests.xctest"; sourceTree = BUILT_PRODUCTS_DIR; };
		96668F5725E5A354009280A5 /* RealTimeChat_FirebaseUITests.swift */ = {isa = PBXFileReference; lastKnownFileType = sourcecode.swift; path = RealTimeChat_FirebaseUITests.swift; sourceTree = "<group>"; };
		96668F5925E5A354009280A5 /* Info.plist */ = {isa = PBXFileReference; lastKnownFileType = text.plist.xml; path = Info.plist; sourceTree = "<group>"; };
		96668F6825E5A4B3009280A5 /* GoogleService-Info.plist */ = {isa = PBXFileReference; fileEncoding = 4; lastKnownFileType = text.plist.xml; path = "GoogleService-Info.plist"; sourceTree = "<group>"; };
		96ABBACE25E5A73C00B888C2 /* SessionStore.swift */ = {isa = PBXFileReference; lastKnownFileType = sourcecode.swift; path = SessionStore.swift; sourceTree = "<group>"; };
		E22C5F17B265FEBCA1395993 /* Pods-RealTimeChat-Firebase.release.xcconfig */ = {isa = PBXFileReference; includeInIndex = 1; lastKnownFileType = text.xcconfig; name = "Pods-RealTimeChat-Firebase.release.xcconfig"; path = "Target Support Files/Pods-RealTimeChat-Firebase/Pods-RealTimeChat-Firebase.release.xcconfig"; sourceTree = "<group>"; };
/* End PBXFileReference section */

/* Begin PBXFrameworksBuildPhase section */
		96668F3425E5A354009280A5 /* Frameworks */ = {
			isa = PBXFrameworksBuildPhase;
			buildActionMask = 2147483647;
			files = (
				1A40F607C71A8557B1E1218C /* Pods_RealTimeChat_Firebase.framework in Frameworks */,
			);
			runOnlyForDeploymentPostprocessing = 0;
		};
		96668F4525E5A354009280A5 /* Frameworks */ = {
			isa = PBXFrameworksBuildPhase;
			buildActionMask = 2147483647;
			files = (
				1333FDB5BDDFE74B6A56E2EB /* Pods_RealTimeChat_FirebaseTests.framework in Frameworks */,
			);
			runOnlyForDeploymentPostprocessing = 0;
		};
		96668F5025E5A354009280A5 /* Frameworks */ = {
			isa = PBXFrameworksBuildPhase;
			buildActionMask = 2147483647;
			files = (
				F3B4353AE5920FDE63C8A214 /* Pods_RealTimeChat_Firebase_RealTimeChat_FirebaseUITests.framework in Frameworks */,
			);
			runOnlyForDeploymentPostprocessing = 0;
		};
/* End PBXFrameworksBuildPhase section */

/* Begin PBXGroup section */
		097F1DE4ADCBC53528EEA0E9 /* Pods */ = {
			isa = PBXGroup;
			children = (
				93A302B31EB9204925FBD169 /* Pods-RealTimeChat-Firebase.debug.xcconfig */,
				E22C5F17B265FEBCA1395993 /* Pods-RealTimeChat-Firebase.release.xcconfig */,
				1F18E41BB3413E21D8DF7397 /* Pods-RealTimeChat-Firebase-RealTimeChat-FirebaseUITests.debug.xcconfig */,
				194952D648474816C7601C87 /* Pods-RealTimeChat-Firebase-RealTimeChat-FirebaseUITests.release.xcconfig */,
				0EA704ED7DAB37860F5AAB77 /* Pods-RealTimeChat-FirebaseTests.debug.xcconfig */,
				90AC3DEA01684E41A3CA82CE /* Pods-RealTimeChat-FirebaseTests.release.xcconfig */,
			);
			path = Pods;
			sourceTree = "<group>";
		};
		96668F2E25E5A354009280A5 = {
			isa = PBXGroup;
			children = (
				96668F6825E5A4B3009280A5 /* GoogleService-Info.plist */,
				96668F3925E5A354009280A5 /* RealTimeChat-Firebase */,
				96668F4B25E5A354009280A5 /* RealTimeChat-FirebaseTests */,
				96668F5625E5A354009280A5 /* RealTimeChat-FirebaseUITests */,
				96668F3825E5A354009280A5 /* Products */,
				097F1DE4ADCBC53528EEA0E9 /* Pods */,
				D1EB356F79394979EA570048 /* Frameworks */,
			);
			sourceTree = "<group>";
		};
		96668F3825E5A354009280A5 /* Products */ = {
			isa = PBXGroup;
			children = (
				96668F3725E5A354009280A5 /* RealTimeChat-Firebase.app */,
				96668F4825E5A354009280A5 /* RealTimeChat-FirebaseTests.xctest */,
				96668F5325E5A354009280A5 /* RealTimeChat-FirebaseUITests.xctest */,
			);
			name = Products;
			sourceTree = "<group>";
		};
		96668F3925E5A354009280A5 /* RealTimeChat-Firebase */ = {
			isa = PBXGroup;
			children = (
				96ABBACD25E5A72300B888C2 /* utils */,
				96668F3A25E5A354009280A5 /* RealTimeChat_FirebaseApp.swift */,
				96668F3C25E5A354009280A5 /* ContentView.swift */,
				96668F3E25E5A354009280A5 /* Assets.xcassets */,
				96668F4325E5A354009280A5 /* Info.plist */,
				96668F4025E5A354009280A5 /* Preview Content */,
			);
			path = "RealTimeChat-Firebase";
			sourceTree = "<group>";
		};
		96668F4025E5A354009280A5 /* Preview Content */ = {
			isa = PBXGroup;
			children = (
				96668F4125E5A354009280A5 /* Preview Assets.xcassets */,
			);
			path = "Preview Content";
			sourceTree = "<group>";
		};
		96668F4B25E5A354009280A5 /* RealTimeChat-FirebaseTests */ = {
			isa = PBXGroup;
			children = (
				96668F4C25E5A354009280A5 /* RealTimeChat_FirebaseTests.swift */,
				96668F4E25E5A354009280A5 /* Info.plist */,
			);
			path = "RealTimeChat-FirebaseTests";
			sourceTree = "<group>";
		};
		96668F5625E5A354009280A5 /* RealTimeChat-FirebaseUITests */ = {
			isa = PBXGroup;
			children = (
				96668F5725E5A354009280A5 /* RealTimeChat_FirebaseUITests.swift */,
				96668F5925E5A354009280A5 /* Info.plist */,
			);
			path = "RealTimeChat-FirebaseUITests";
			sourceTree = "<group>";
		};
		96ABBACD25E5A72300B888C2 /* utils */ = {
			isa = PBXGroup;
			children = (
				96ABBACE25E5A73C00B888C2 /* SessionStore.swift */,
			);
			path = utils;
			sourceTree = "<group>";
		};
		D1EB356F79394979EA570048 /* Frameworks */ = {
			isa = PBXGroup;
			children = (
				86D112DA9C89A82FECACD08B /* Pods_RealTimeChat_Firebase.framework */,
				6C0C13711E7D1F6AB7860D23 /* Pods_RealTimeChat_Firebase_RealTimeChat_FirebaseUITests.framework */,
				02844489C2CE3781964BC970 /* Pods_RealTimeChat_FirebaseTests.framework */,
			);
			name = Frameworks;
			sourceTree = "<group>";
		};
/* End PBXGroup section */

/* Begin PBXNativeTarget section */
		96668F3625E5A354009280A5 /* RealTimeChat-Firebase */ = {
			isa = PBXNativeTarget;
			buildConfigurationList = 96668F5C25E5A354009280A5 /* Build configuration list for PBXNativeTarget "RealTimeChat-Firebase" */;
			buildPhases = (
				8C36F30A06DDCF160CDF5DA5 /* [CP] Check Pods Manifest.lock */,
				96668F3325E5A354009280A5 /* Sources */,
				96668F3425E5A354009280A5 /* Frameworks */,
				96668F3525E5A354009280A5 /* Resources */,
				B65FD9E97033F21309C067CE /* [CP] Embed Pods Frameworks */,
			);
			buildRules = (
			);
			dependencies = (
			);
			name = "RealTimeChat-Firebase";
			productName = "RealTimeChat-Firebase";
			productReference = 96668F3725E5A354009280A5 /* RealTimeChat-Firebase.app */;
			productType = "com.apple.product-type.application";
		};
		96668F4725E5A354009280A5 /* RealTimeChat-FirebaseTests */ = {
			isa = PBXNativeTarget;
			buildConfigurationList = 96668F5F25E5A354009280A5 /* Build configuration list for PBXNativeTarget "RealTimeChat-FirebaseTests" */;
			buildPhases = (
				416860D13F95EFF672A0BE08 /* [CP] Check Pods Manifest.lock */,
				96668F4425E5A354009280A5 /* Sources */,
				96668F4525E5A354009280A5 /* Frameworks */,
				96668F4625E5A354009280A5 /* Resources */,
			);
			buildRules = (
			);
			dependencies = (
				96668F4A25E5A354009280A5 /* PBXTargetDependency */,
			);
			name = "RealTimeChat-FirebaseTests";
			productName = "RealTimeChat-FirebaseTests";
			productReference = 96668F4825E5A354009280A5 /* RealTimeChat-FirebaseTests.xctest */;
			productType = "com.apple.product-type.bundle.unit-test";
		};
		96668F5225E5A354009280A5 /* RealTimeChat-FirebaseUITests */ = {
			isa = PBXNativeTarget;
			buildConfigurationList = 96668F6225E5A354009280A5 /* Build configuration list for PBXNativeTarget "RealTimeChat-FirebaseUITests" */;
			buildPhases = (
				EC7EE256EB7AAFA6F18C8E9C /* [CP] Check Pods Manifest.lock */,
				96668F4F25E5A354009280A5 /* Sources */,
				96668F5025E5A354009280A5 /* Frameworks */,
				96668F5125E5A354009280A5 /* Resources */,
				9A3CAA518A0FD653FCF5EAEE /* [CP] Embed Pods Frameworks */,
			);
			buildRules = (
			);
			dependencies = (
				96668F5525E5A354009280A5 /* PBXTargetDependency */,
			);
			name = "RealTimeChat-FirebaseUITests";
			productName = "RealTimeChat-FirebaseUITests";
			productReference = 96668F5325E5A354009280A5 /* RealTimeChat-FirebaseUITests.xctest */;
			productType = "com.apple.product-type.bundle.ui-testing";
		};
/* End PBXNativeTarget section */

/* Begin PBXProject section */
		96668F2F25E5A354009280A5 /* Project object */ = {
			isa = PBXProject;
			attributes = {
				LastSwiftUpdateCheck = 1240;
				LastUpgradeCheck = 1240;
				TargetAttributes = {
					96668F3625E5A354009280A5 = {
						CreatedOnToolsVersion = 12.4;
					};
					96668F4725E5A354009280A5 = {
						CreatedOnToolsVersion = 12.4;
						TestTargetID = 96668F3625E5A354009280A5;
					};
					96668F5225E5A354009280A5 = {
						CreatedOnToolsVersion = 12.4;
						TestTargetID = 96668F3625E5A354009280A5;
					};
				};
			};
			buildConfigurationList = 96668F3225E5A354009280A5 /* Build configuration list for PBXProject "RealTimeChat-Firebase" */;
			compatibilityVersion = "Xcode 9.3";
			developmentRegion = en;
			hasScannedForEncodings = 0;
			knownRegions = (
				en,
				Base,
			);
			mainGroup = 96668F2E25E5A354009280A5;
			productRefGroup = 96668F3825E5A354009280A5 /* Products */;
			projectDirPath = "";
			projectRoot = "";
			targets = (
				96668F3625E5A354009280A5 /* RealTimeChat-Firebase */,
				96668F4725E5A354009280A5 /* RealTimeChat-FirebaseTests */,
				96668F5225E5A354009280A5 /* RealTimeChat-FirebaseUITests */,
			);
		};
/* End PBXProject section */

/* Begin PBXResourcesBuildPhase section */
		96668F3525E5A354009280A5 /* Resources */ = {
			isa = PBXResourcesBuildPhase;
			buildActionMask = 2147483647;
			files = (
				96668F4225E5A354009280A5 /* Preview Assets.xcassets in Resources */,
				96668F3F25E5A354009280A5 /* Assets.xcassets in Resources */,
				96668F6925E5A4B3009280A5 /* GoogleService-Info.plist in Resources */,
			);
			runOnlyForDeploymentPostprocessing = 0;
		};
		96668F4625E5A354009280A5 /* Resources */ = {
			isa = PBXResourcesBuildPhase;
			buildActionMask = 2147483647;
			files = (
				96668F6A25E5A4B3009280A5 /* GoogleService-Info.plist in Resources */,
			);
			runOnlyForDeploymentPostprocessing = 0;
		};
		96668F5125E5A354009280A5 /* Resources */ = {
			isa = PBXResourcesBuildPhase;
			buildActionMask = 2147483647;
			files = (
				96668F6B25E5A4B3009280A5 /* GoogleService-Info.plist in Resources */,
			);
			runOnlyForDeploymentPostprocessing = 0;
		};
/* End PBXResourcesBuildPhase section */

/* Begin PBXShellScriptBuildPhase section */
		416860D13F95EFF672A0BE08 /* [CP] Check Pods Manifest.lock */ = {
			isa = PBXShellScriptBuildPhase;
			buildActionMask = 2147483647;
			files = (
			);
			inputFileListPaths = (
			);
			inputPaths = (
				"${PODS_PODFILE_DIR_PATH}/Podfile.lock",
				"${PODS_ROOT}/Manifest.lock",
			);
			name = "[CP] Check Pods Manifest.lock";
			outputFileListPaths = (
			);
			outputPaths = (
				"$(DERIVED_FILE_DIR)/Pods-RealTimeChat-FirebaseTests-checkManifestLockResult.txt",
			);
			runOnlyForDeploymentPostprocessing = 0;
			shellPath = /bin/sh;
			shellScript = "diff \"${PODS_PODFILE_DIR_PATH}/Podfile.lock\" \"${PODS_ROOT}/Manifest.lock\" > /dev/null\nif [ $? != 0 ] ; then\n    # print error to STDERR\n    echo \"error: The sandbox is not in sync with the Podfile.lock. Run 'pod install' or update your CocoaPods installation.\" >&2\n    exit 1\nfi\n# This output is used by Xcode 'outputs' to avoid re-running this script phase.\necho \"SUCCESS\" > \"${SCRIPT_OUTPUT_FILE_0}\"\n";
			showEnvVarsInLog = 0;
		};
		8C36F30A06DDCF160CDF5DA5 /* [CP] Check Pods Manifest.lock */ = {
			isa = PBXShellScriptBuildPhase;
			buildActionMask = 2147483647;
			files = (
			);
			inputFileListPaths = (
			);
			inputPaths = (
				"${PODS_PODFILE_DIR_PATH}/Podfile.lock",
				"${PODS_ROOT}/Manifest.lock",
			);
			name = "[CP] Check Pods Manifest.lock";
			outputFileListPaths = (
			);
			outputPaths = (
				"$(DERIVED_FILE_DIR)/Pods-RealTimeChat-Firebase-checkManifestLockResult.txt",
			);
			runOnlyForDeploymentPostprocessing = 0;
			shellPath = /bin/sh;
			shellScript = "diff \"${PODS_PODFILE_DIR_PATH}/Podfile.lock\" \"${PODS_ROOT}/Manifest.lock\" > /dev/null\nif [ $? != 0 ] ; then\n    # print error to STDERR\n    echo \"error: The sandbox is not in sync with the Podfile.lock. Run 'pod install' or update your CocoaPods installation.\" >&2\n    exit 1\nfi\n# This output is used by Xcode 'outputs' to avoid re-running this script phase.\necho \"SUCCESS\" > \"${SCRIPT_OUTPUT_FILE_0}\"\n";
			showEnvVarsInLog = 0;
		};
		9A3CAA518A0FD653FCF5EAEE /* [CP] Embed Pods Frameworks */ = {
			isa = PBXShellScriptBuildPhase;
			buildActionMask = 2147483647;
			files = (
			);
			inputFileListPaths = (
				"${PODS_ROOT}/Target Support Files/Pods-RealTimeChat-Firebase-RealTimeChat-FirebaseUITests/Pods-RealTimeChat-Firebase-RealTimeChat-FirebaseUITests-frameworks-${CONFIGURATION}-input-files.xcfilelist",
			);
			name = "[CP] Embed Pods Frameworks";
			outputFileListPaths = (
				"${PODS_ROOT}/Target Support Files/Pods-RealTimeChat-Firebase-RealTimeChat-FirebaseUITests/Pods-RealTimeChat-Firebase-RealTimeChat-FirebaseUITests-frameworks-${CONFIGURATION}-output-files.xcfilelist",
			);
			runOnlyForDeploymentPostprocessing = 0;
			shellPath = /bin/sh;
			shellScript = "\"${PODS_ROOT}/Target Support Files/Pods-RealTimeChat-Firebase-RealTimeChat-FirebaseUITests/Pods-RealTimeChat-Firebase-RealTimeChat-FirebaseUITests-frameworks.sh\"\n";
			showEnvVarsInLog = 0;
		};
		B65FD9E97033F21309C067CE /* [CP] Embed Pods Frameworks */ = {
			isa = PBXShellScriptBuildPhase;
			buildActionMask = 2147483647;
			files = (
			);
			inputFileListPaths = (
				"${PODS_ROOT}/Target Support Files/Pods-RealTimeChat-Firebase/Pods-RealTimeChat-Firebase-frameworks-${CONFIGURATION}-input-files.xcfilelist",
			);
			name = "[CP] Embed Pods Frameworks";
			outputFileListPaths = (
				"${PODS_ROOT}/Target Support Files/Pods-RealTimeChat-Firebase/Pods-RealTimeChat-Firebase-frameworks-${CONFIGURATION}-output-files.xcfilelist",
			);
			runOnlyForDeploymentPostprocessing = 0;
			shellPath = /bin/sh;
			shellScript = "\"${PODS_ROOT}/Target Support Files/Pods-RealTimeChat-Firebase/Pods-RealTimeChat-Firebase-frameworks.sh\"\n";
			showEnvVarsInLog = 0;
		};
		EC7EE256EB7AAFA6F18C8E9C /* [CP] Check Pods Manifest.lock */ = {
			isa = PBXShellScriptBuildPhase;
			buildActionMask = 2147483647;
			files = (
			);
			inputFileListPaths = (
			);
			inputPaths = (
				"${PODS_PODFILE_DIR_PATH}/Podfile.lock",
				"${PODS_ROOT}/Manifest.lock",
			);
			name = "[CP] Check Pods Manifest.lock";
			outputFileListPaths = (
			);
			outputPaths = (
				"$(DERIVED_FILE_DIR)/Pods-RealTimeChat-Firebase-RealTimeChat-FirebaseUITests-checkManifestLockResult.txt",
			);
			runOnlyForDeploymentPostprocessing = 0;
			shellPath = /bin/sh;
			shellScript = "diff \"${PODS_PODFILE_DIR_PATH}/Podfile.lock\" \"${PODS_ROOT}/Manifest.lock\" > /dev/null\nif [ $? != 0 ] ; then\n    # print error to STDERR\n    echo \"error: The sandbox is not in sync with the Podfile.lock. Run 'pod install' or update your CocoaPods installation.\" >&2\n    exit 1\nfi\n# This output is used by Xcode 'outputs' to avoid re-running this script phase.\necho \"SUCCESS\" > \"${SCRIPT_OUTPUT_FILE_0}\"\n";
			showEnvVarsInLog = 0;
		};
/* End PBXShellScriptBuildPhase section */

/* Begin PBXSourcesBuildPhase section */
		96668F3325E5A354009280A5 /* Sources */ = {
			isa = PBXSourcesBuildPhase;
			buildActionMask = 2147483647;
			files = (
				96668F3D25E5A354009280A5 /* ContentView.swift in Sources */,
				96668F3B25E5A354009280A5 /* RealTimeChat_FirebaseApp.swift in Sources */,
				96ABBACF25E5A73C00B888C2 /* SessionStore.swift in Sources */,
			);
			runOnlyForDeploymentPostprocessing = 0;
		};
		96668F4425E5A354009280A5 /* Sources */ = {
			isa = PBXSourcesBuildPhase;
			buildActionMask = 2147483647;
			files = (
				96668F4D25E5A354009280A5 /* RealTimeChat_FirebaseTests.swift in Sources */,
			);
			runOnlyForDeploymentPostprocessing = 0;
		};
		96668F4F25E5A354009280A5 /* Sources */ = {
			isa = PBXSourcesBuildPhase;
			buildActionMask = 2147483647;
			files = (
				96668F5825E5A354009280A5 /* RealTimeChat_FirebaseUITests.swift in Sources */,
			);
			runOnlyForDeploymentPostprocessing = 0;
		};
/* End PBXSourcesBuildPhase section */

/* Begin PBXTargetDependency section */
		96668F4A25E5A354009280A5 /* PBXTargetDependency */ = {
			isa = PBXTargetDependency;
			target = 96668F3625E5A354009280A5 /* RealTimeChat-Firebase */;
			targetProxy = 96668F4925E5A354009280A5 /* PBXContainerItemProxy */;
		};
		96668F5525E5A354009280A5 /* PBXTargetDependency */ = {
			isa = PBXTargetDependency;
			target = 96668F3625E5A354009280A5 /* RealTimeChat-Firebase */;
			targetProxy = 96668F5425E5A354009280A5 /* PBXContainerItemProxy */;
		};
/* End PBXTargetDependency section */

/* Begin XCBuildConfiguration section */
		96668F5A25E5A354009280A5 /* Debug */ = {
			isa = XCBuildConfiguration;
			buildSettings = {
				ALWAYS_SEARCH_USER_PATHS = NO;
				CLANG_ANALYZER_NONNULL = YES;
				CLANG_ANALYZER_NUMBER_OBJECT_CONVERSION = YES_AGGRESSIVE;
				CLANG_CXX_LANGUAGE_STANDARD = "gnu++14";
				CLANG_CXX_LIBRARY = "libc++";
				CLANG_ENABLE_MODULES = YES;
				CLANG_ENABLE_OBJC_ARC = YES;
				CLANG_ENABLE_OBJC_WEAK = YES;
				CLANG_WARN_BLOCK_CAPTURE_AUTORELEASING = YES;
				CLANG_WARN_BOOL_CONVERSION = YES;
				CLANG_WARN_COMMA = YES;
				CLANG_WARN_CONSTANT_CONVERSION = YES;
				CLANG_WARN_DEPRECATED_OBJC_IMPLEMENTATIONS = YES;
				CLANG_WARN_DIRECT_OBJC_ISA_USAGE = YES_ERROR;
				CLANG_WARN_DOCUMENTATION_COMMENTS = YES;
				CLANG_WARN_EMPTY_BODY = YES;
				CLANG_WARN_ENUM_CONVERSION = YES;
				CLANG_WARN_INFINITE_RECURSION = YES;
				CLANG_WARN_INT_CONVERSION = YES;
				CLANG_WARN_NON_LITERAL_NULL_CONVERSION = YES;
				CLANG_WARN_OBJC_IMPLICIT_RETAIN_SELF = YES;
				CLANG_WARN_OBJC_LITERAL_CONVERSION = YES;
				CLANG_WARN_OBJC_ROOT_CLASS = YES_ERROR;
				CLANG_WARN_QUOTED_INCLUDE_IN_FRAMEWORK_HEADER = YES;
				CLANG_WARN_RANGE_LOOP_ANALYSIS = YES;
				CLANG_WARN_STRICT_PROTOTYPES = YES;
				CLANG_WARN_SUSPICIOUS_MOVE = YES;
				CLANG_WARN_UNGUARDED_AVAILABILITY = YES_AGGRESSIVE;
				CLANG_WARN_UNREACHABLE_CODE = YES;
				CLANG_WARN__DUPLICATE_METHOD_MATCH = YES;
				COPY_PHASE_STRIP = NO;
				DEBUG_INFORMATION_FORMAT = dwarf;
				ENABLE_STRICT_OBJC_MSGSEND = YES;
				ENABLE_TESTABILITY = YES;
				GCC_C_LANGUAGE_STANDARD = gnu11;
				GCC_DYNAMIC_NO_PIC = NO;
				GCC_NO_COMMON_BLOCKS = YES;
				GCC_OPTIMIZATION_LEVEL = 0;
				GCC_PREPROCESSOR_DEFINITIONS = (
					"DEBUG=1",
					"$(inherited)",
				);
				GCC_WARN_64_TO_32_BIT_CONVERSION = YES;
				GCC_WARN_ABOUT_RETURN_TYPE = YES_ERROR;
				GCC_WARN_UNDECLARED_SELECTOR = YES;
				GCC_WARN_UNINITIALIZED_AUTOS = YES_AGGRESSIVE;
				GCC_WARN_UNUSED_FUNCTION = YES;
				GCC_WARN_UNUSED_VARIABLE = YES;
				IPHONEOS_DEPLOYMENT_TARGET = 14.4;
				MTL_ENABLE_DEBUG_INFO = INCLUDE_SOURCE;
				MTL_FAST_MATH = YES;
				ONLY_ACTIVE_ARCH = YES;
				SDKROOT = iphoneos;
				SWIFT_ACTIVE_COMPILATION_CONDITIONS = DEBUG;
				SWIFT_OPTIMIZATION_LEVEL = "-Onone";
			};
			name = Debug;
		};
		96668F5B25E5A354009280A5 /* Release */ = {
			isa = XCBuildConfiguration;
			buildSettings = {
				ALWAYS_SEARCH_USER_PATHS = NO;
				CLANG_ANALYZER_NONNULL = YES;
				CLANG_ANALYZER_NUMBER_OBJECT_CONVERSION = YES_AGGRESSIVE;
				CLANG_CXX_LANGUAGE_STANDARD = "gnu++14";
				CLANG_CXX_LIBRARY = "libc++";
				CLANG_ENABLE_MODULES = YES;
				CLANG_ENABLE_OBJC_ARC = YES;
				CLANG_ENABLE_OBJC_WEAK = YES;
				CLANG_WARN_BLOCK_CAPTURE_AUTORELEASING = YES;
				CLANG_WARN_BOOL_CONVERSION = YES;
				CLANG_WARN_COMMA = YES;
				CLANG_WARN_CONSTANT_CONVERSION = YES;
				CLANG_WARN_DEPRECATED_OBJC_IMPLEMENTATIONS = YES;
				CLANG_WARN_DIRECT_OBJC_ISA_USAGE = YES_ERROR;
				CLANG_WARN_DOCUMENTATION_COMMENTS = YES;
				CLANG_WARN_EMPTY_BODY = YES;
				CLANG_WARN_ENUM_CONVERSION = YES;
				CLANG_WARN_INFINITE_RECURSION = YES;
				CLANG_WARN_INT_CONVERSION = YES;
				CLANG_WARN_NON_LITERAL_NULL_CONVERSION = YES;
				CLANG_WARN_OBJC_IMPLICIT_RETAIN_SELF = YES;
				CLANG_WARN_OBJC_LITERAL_CONVERSION = YES;
				CLANG_WARN_OBJC_ROOT_CLASS = YES_ERROR;
				CLANG_WARN_QUOTED_INCLUDE_IN_FRAMEWORK_HEADER = YES;
				CLANG_WARN_RANGE_LOOP_ANALYSIS = YES;
				CLANG_WARN_STRICT_PROTOTYPES = YES;
				CLANG_WARN_SUSPICIOUS_MOVE = YES;
				CLANG_WARN_UNGUARDED_AVAILABILITY = YES_AGGRESSIVE;
				CLANG_WARN_UNREACHABLE_CODE = YES;
				CLANG_WARN__DUPLICATE_METHOD_MATCH = YES;
				COPY_PHASE_STRIP = NO;
				DEBUG_INFORMATION_FORMAT = "dwarf-with-dsym";
				ENABLE_NS_ASSERTIONS = NO;
				ENABLE_STRICT_OBJC_MSGSEND = YES;
				GCC_C_LANGUAGE_STANDARD = gnu11;
				GCC_NO_COMMON_BLOCKS = YES;
				GCC_WARN_64_TO_32_BIT_CONVERSION = YES;
				GCC_WARN_ABOUT_RETURN_TYPE = YES_ERROR;
				GCC_WARN_UNDECLARED_SELECTOR = YES;
				GCC_WARN_UNINITIALIZED_AUTOS = YES_AGGRESSIVE;
				GCC_WARN_UNUSED_FUNCTION = YES;
				GCC_WARN_UNUSED_VARIABLE = YES;
				IPHONEOS_DEPLOYMENT_TARGET = 14.4;
				MTL_ENABLE_DEBUG_INFO = NO;
				MTL_FAST_MATH = YES;
				SDKROOT = iphoneos;
				SWIFT_COMPILATION_MODE = wholemodule;
				SWIFT_OPTIMIZATION_LEVEL = "-O";
				VALIDATE_PRODUCT = YES;
			};
			name = Release;
		};
		96668F5D25E5A354009280A5 /* Debug */ = {
			isa = XCBuildConfiguration;
			baseConfigurationReference = 93A302B31EB9204925FBD169 /* Pods-RealTimeChat-Firebase.debug.xcconfig */;
			buildSettings = {
				ASSETCATALOG_COMPILER_APPICON_NAME = AppIcon;
				ASSETCATALOG_COMPILER_GLOBAL_ACCENT_COLOR_NAME = AccentColor;
				CODE_SIGN_STYLE = Automatic;
				DEVELOPMENT_ASSET_PATHS = "\"RealTimeChat-Firebase/Preview Content\"";
				DEVELOPMENT_TEAM = WJTWP2CWYA;
				ENABLE_PREVIEWS = YES;
				INFOPLIST_FILE = "RealTimeChat-Firebase/Info.plist";
				IPHONEOS_DEPLOYMENT_TARGET = 14.0;
				LD_RUNPATH_SEARCH_PATHS = (
					"$(inherited)",
					"@executable_path/Frameworks",
				);
				PRODUCT_BUNDLE_IDENTIFIER = "net.mikesvendsen.RealTimeChat-Firebase";
				PRODUCT_NAME = "$(TARGET_NAME)";
				SWIFT_VERSION = 5.0;
				TARGETED_DEVICE_FAMILY = "1,2";
			};
			name = Debug;
		};
		96668F5E25E5A354009280A5 /* Release */ = {
			isa = XCBuildConfiguration;
			baseConfigurationReference = E22C5F17B265FEBCA1395993 /* Pods-RealTimeChat-Firebase.release.xcconfig */;
			buildSettings = {
				ASSETCATALOG_COMPILER_APPICON_NAME = AppIcon;
				ASSETCATALOG_COMPILER_GLOBAL_ACCENT_COLOR_NAME = AccentColor;
				CODE_SIGN_STYLE = Automatic;
				DEVELOPMENT_ASSET_PATHS = "\"RealTimeChat-Firebase/Preview Content\"";
				DEVELOPMENT_TEAM = WJTWP2CWYA;
				ENABLE_PREVIEWS = YES;
				INFOPLIST_FILE = "RealTimeChat-Firebase/Info.plist";
				IPHONEOS_DEPLOYMENT_TARGET = 14.0;
				LD_RUNPATH_SEARCH_PATHS = (
					"$(inherited)",
					"@executable_path/Frameworks",
				);
				PRODUCT_BUNDLE_IDENTIFIER = "net.mikesvendsen.RealTimeChat-Firebase";
				PRODUCT_NAME = "$(TARGET_NAME)";
				SWIFT_VERSION = 5.0;
				TARGETED_DEVICE_FAMILY = "1,2";
			};
			name = Release;
		};
		96668F6025E5A354009280A5 /* Debug */ = {
			isa = XCBuildConfiguration;
			baseConfigurationReference = 0EA704ED7DAB37860F5AAB77 /* Pods-RealTimeChat-FirebaseTests.debug.xcconfig */;
			buildSettings = {
				ALWAYS_EMBED_SWIFT_STANDARD_LIBRARIES = YES;
				BUNDLE_LOADER = "$(TEST_HOST)";
				CODE_SIGN_STYLE = Automatic;
				DEVELOPMENT_TEAM = WJTWP2CWYA;
				INFOPLIST_FILE = "RealTimeChat-FirebaseTests/Info.plist";
				IPHONEOS_DEPLOYMENT_TARGET = 14.0;
				LD_RUNPATH_SEARCH_PATHS = (
					"$(inherited)",
					"@executable_path/Frameworks",
					"@loader_path/Frameworks",
				);
				PRODUCT_BUNDLE_IDENTIFIER = "net.mikesvendsen.RealTimeChat-FirebaseTests";
				PRODUCT_NAME = "$(TARGET_NAME)";
				SWIFT_VERSION = 5.0;
				TARGETED_DEVICE_FAMILY = "1,2";
				TEST_HOST = "$(BUILT_PRODUCTS_DIR)/RealTimeChat-Firebase.app/RealTimeChat-Firebase";
			};
			name = Debug;
		};
		96668F6125E5A354009280A5 /* Release */ = {
			isa = XCBuildConfiguration;
			baseConfigurationReference = 90AC3DEA01684E41A3CA82CE /* Pods-RealTimeChat-FirebaseTests.release.xcconfig */;
			buildSettings = {
				ALWAYS_EMBED_SWIFT_STANDARD_LIBRARIES = YES;
				BUNDLE_LOADER = "$(TEST_HOST)";
				CODE_SIGN_STYLE = Automatic;
				DEVELOPMENT_TEAM = WJTWP2CWYA;
				INFOPLIST_FILE = "RealTimeChat-FirebaseTests/Info.plist";
				IPHONEOS_DEPLOYMENT_TARGET = 14.0;
				LD_RUNPATH_SEARCH_PATHS = (
					"$(inherited)",
					"@executable_path/Frameworks",
					"@loader_path/Frameworks",
				);
				PRODUCT_BUNDLE_IDENTIFIER = "net.mikesvendsen.RealTimeChat-FirebaseTests";
				PRODUCT_NAME = "$(TARGET_NAME)";
				SWIFT_VERSION = 5.0;
				TARGETED_DEVICE_FAMILY = "1,2";
				TEST_HOST = "$(BUILT_PRODUCTS_DIR)/RealTimeChat-Firebase.app/RealTimeChat-Firebase";
			};
			name = Release;
		};
		96668F6325E5A354009280A5 /* Debug */ = {
			isa = XCBuildConfiguration;
			baseConfigurationReference = 1F18E41BB3413E21D8DF7397 /* Pods-RealTimeChat-Firebase-RealTimeChat-FirebaseUITests.debug.xcconfig */;
			buildSettings = {
				ALWAYS_EMBED_SWIFT_STANDARD_LIBRARIES = YES;
				CODE_SIGN_STYLE = Automatic;
				DEVELOPMENT_TEAM = WJTWP2CWYA;
				INFOPLIST_FILE = "RealTimeChat-FirebaseUITests/Info.plist";
				LD_RUNPATH_SEARCH_PATHS = (
					"$(inherited)",
					"@executable_path/Frameworks",
					"@loader_path/Frameworks",
				);
				PRODUCT_BUNDLE_IDENTIFIER = "net.mikesvendsen.RealTimeChat-FirebaseUITests";
				PRODUCT_NAME = "$(TARGET_NAME)";
				SWIFT_VERSION = 5.0;
				TARGETED_DEVICE_FAMILY = "1,2";
				TEST_TARGET_NAME = "RealTimeChat-Firebase";
			};
			name = Debug;
		};
		96668F6425E5A354009280A5 /* Release */ = {
			isa = XCBuildConfiguration;
			baseConfigurationReference = 194952D648474816C7601C87 /* Pods-RealTimeChat-Firebase-RealTimeChat-FirebaseUITests.release.xcconfig */;
			buildSettings = {
				ALWAYS_EMBED_SWIFT_STANDARD_LIBRARIES = YES;
				CODE_SIGN_STYLE = Automatic;
				DEVELOPMENT_TEAM = WJTWP2CWYA;
				INFOPLIST_FILE = "RealTimeChat-FirebaseUITests/Info.plist";
				LD_RUNPATH_SEARCH_PATHS = (
					"$(inherited)",
					"@executable_path/Frameworks",
					"@loader_path/Frameworks",
				);
				PRODUCT_BUNDLE_IDENTIFIER = "net.mikesvendsen.RealTimeChat-FirebaseUITests";
				PRODUCT_NAME = "$(TARGET_NAME)";
				SWIFT_VERSION = 5.0;
				TARGETED_DEVICE_FAMILY = "1,2";
				TEST_TARGET_NAME = "RealTimeChat-Firebase";
			};
			name = Release;
		};
/* End XCBuildConfiguration section */

/* Begin XCConfigurationList section */
		96668F3225E5A354009280A5 /* Build configuration list for PBXProject "RealTimeChat-Firebase" */ = {
			isa = XCConfigurationList;
			buildConfigurations = (
				96668F5A25E5A354009280A5 /* Debug */,
				96668F5B25E5A354009280A5 /* Release */,
			);
			defaultConfigurationIsVisible = 0;
			defaultConfigurationName = Release;
		};
		96668F5C25E5A354009280A5 /* Build configuration list for PBXNativeTarget "RealTimeChat-Firebase" */ = {
			isa = XCConfigurationList;
			buildConfigurations = (
				96668F5D25E5A354009280A5 /* Debug */,
				96668F5E25E5A354009280A5 /* Release */,
			);
			defaultConfigurationIsVisible = 0;
			defaultConfigurationName = Release;
		};
		96668F5F25E5A354009280A5 /* Build configuration list for PBXNativeTarget "RealTimeChat-FirebaseTests" */ = {
			isa = XCConfigurationList;
			buildConfigurations = (
				96668F6025E5A354009280A5 /* Debug */,
				96668F6125E5A354009280A5 /* Release */,
			);
			defaultConfigurationIsVisible = 0;
			defaultConfigurationName = Release;
		};
		96668F6225E5A354009280A5 /* Build configuration list for PBXNativeTarget "RealTimeChat-FirebaseUITests" */ = {
			isa = XCConfigurationList;
			buildConfigurations = (
				96668F6325E5A354009280A5 /* Debug */,
				96668F6425E5A354009280A5 /* Release */,
			);
			defaultConfigurationIsVisible = 0;
			defaultConfigurationName = Release;
		};
/* End XCConfigurationList section */
	};
	rootObject = 96668F2F25E5A354009280A5 /* Project object */;
}
